
Microsoft Visual Studio Solution File, Format Version 12.00
# Visual Studio Version 16
VisualStudioVersion = 16.0.28803.452
MinimumVisualStudioVersion = 10.0.40219.1
Project("{FAE04EC0-301F-11D3-BF4B-00C04F79EFBC}") = "DesignpatternsWithSolid.Console", "DesignpatternsWithSolid\DesignpatternsWithSolid.Console.csproj", "{A73BAE21-B2A0-49B5-BCBB-C8C347A3754E}"
EndProject
Project("{FAE04EC0-301F-11D3-BF4B-00C04F79EFBC}") = "DesignpatternsWithSolid.Data", "DesignpatternsWithSolid.Data\DesignpatternsWithSolid.Data.csproj", "{FA090014-E9D8-4D37-A562-85641E2EEEE3}"
EndProject
Project("{FAE04EC0-301F-11D3-BF4B-00C04F79EFBC}") = "DesignpatternsWithSolid.Domain", "DesignpatternsWithSolid.Domain\DesignpatternsWithSolid.Domain.csproj", "{FEF6A8EC-3BD1-48C9-B4AF-89E2FE5E815B}"
EndProject
Project("{FAE04EC0-301F-11D3-BF4B-00C04F79EFBC}") = "DesignpatternsWithSolid.Domain.Test", "DesignpatternsWithSolid.Domain.Test\DesignpatternsWithSolid.Domain.Test.csproj", "{C453B033-31A8-4073-A2C2-6AC7196A5179}"
EndProject
Global
	GlobalSection(SolutionConfigurationPlatforms) = preSolution
		Debug|Any CPU = Debug|Any CPU
		Release|Any CPU = Release|Any CPU
	EndGlobalSection
	GlobalSection(ProjectConfigurationPlatforms) = postSolution
		{A73BAE21-B2A0-49B5-BCBB-C8C347A3754E}.Debug|Any CPU.ActiveCfg = Debug|Any CPU
		{A73BAE21-B2A0-49B5-BCBB-C8C347A3754E}.Debug|Any CPU.Build.0 = Debug|Any CPU
		{A73BAE21-B2A0-49B5-BCBB-C8C347A3754E}.Release|Any CPU.ActiveCfg = Release|Any CPU
		{A73BAE21-B2A0-49B5-BCBB-C8C347A3754E}.Release|Any CPU.Build.0 = Release|Any CPU
		{FA090014-E9D8-4D37-A562-85641E2EEEE3}.Debug|Any CPU.ActiveCfg = Debug|Any CPU
		{FA090014-E9D8-4D37-A562-85641E2EEEE3}.Debug|Any CPU.Build.0 = Debug|Any CPU
		{FA090014-E9D8-4D37-A562-85641E2EEEE3}.Release|Any CPU.ActiveCfg = Release|Any CPU
		{FA090014-E9D8-4D37-A562-85641E2EEEE3}.Release|Any CPU.Build.0 = Release|Any CPU
		{FEF6A8EC-3BD1-48C9-B4AF-89E2FE5E815B}.Debug|Any CPU.ActiveCfg = Debug|Any CPU
		{FEF6A8EC-3BD1-48C9-B4AF-89E2FE5E815B}.Debug|Any CPU.Build.0 = Debug|Any CPU
		{FEF6A8EC-3BD1-48C9-B4AF-89E2FE5E815B}.Release|Any CPU.ActiveCfg = Release|Any CPU
		{FEF6A8EC-3BD1-48C9-B4AF-89E2FE5E815B}.Release|Any CPU.Build.0 = Release|Any CPU
		{C453B033-31A8-4073-A2C2-6AC7196A5179}.Debug|Any CPU.ActiveCfg = Debug|Any CPU
		{C453B033-31A8-4073-A2C2-6AC7196A5179}.Debug|Any CPU.Build.0 = Debug|Any CPU
		{C453B033-31A8-4073-A2C2-6AC7196A5179}.Release|Any CPU.ActiveCfg = Release|Any CPU
		{C453B033-31A8-4073-A2C2-6AC7196A5179}.Release|Any CPU.Build.0 = Release|Any CPU
	EndGlobalSection
	GlobalSection(SolutionProperties) = preSolution
		HideSolutionNode = FALSE
	EndGlobalSection
	GlobalSection(ExtensibilityGlobals) = postSolution
		SolutionGuid = {EEE1472E-3CD3-42DE-8BF7-FB774147B7F2}
	EndGlobalSection
EndGlobal
